{
  "name": "@agrc/mouse-trap",
  "version": "1.1.3",
  "lockfileVersion": 2,
  "requires": true,
  "packages": {
    "": {
      "name": "@agrc/mouse-trap",
      "version": "1.1.3",
      "license": "MIT",
      "dependencies": {
        "@agrc/helpers": "^1.3.1",
        "@arcgis/core": "^4.18.1",
        "lodash.throttle": "^4.1.1"
      },
      "peerDependencies": {
        "react": "^16.8.0 || ^17.0.0",
        "react-dom": "^16.8.0 || ^17.0.0"
      }
    },
    "node_modules/@agrc/helpers": {
      "version": "1.3.1",
      "resolved": "https://registry.npmjs.org/@agrc/helpers/-/helpers-1.3.1.tgz",
      "integrity": "sha512-SPVTJMNb329ui6bG1X/AEmoX9drErZE2h1nFqDBxqK4xFo+ZMCxI7mTx/MhUcxVBLIL3hz6d+lLA3J8P/MmOHQ=="
    },
    "node_modules/@arcgis/core": {
      "version": "4.18.1",
      "resolved": "https://registry.npmjs.org/@arcgis/core/-/core-4.18.1.tgz",
      "integrity": "sha512-Y44XzGSJrlk6r/djcpNSzK8XNt5zPHo56o5Ai3ghu3uARS9thuZIiuPs/xOufKrtWpV7GwxII5M5++dxhfDwDg==",
      "dependencies": {
        "@esri/arcgis-html-sanitizer": "~2.5.0",
        "@esri/calcite-colors": "~5.0.0",
        "@popperjs/core": "~2.4.4",
        "focus-trap": "~6.2.2",
        "moment": "~2.29.1",
        "sortablejs": "~1.10.2"
      }
    },
    "node_modules/@esri/arcgis-html-sanitizer": {
      "version": "2.5.0",
      "resolved": "https://registry.npmjs.org/@esri/arcgis-html-sanitizer/-/arcgis-html-sanitizer-2.5.0.tgz",
      "integrity": "sha512-axq4dGwm3bjY/iR1DoPxrnJOt2SKXD0Cy1QYihK4yZx25CEDpfdSUBE71oz77BSYFz+KQZvh6A3xxOgLnVEoWA==",
      "dependencies": {
        "lodash.isplainobject": "^4.0.6",
        "xss": "^1.0.8"
      }
    },
    "node_modules/@esri/calcite-colors": {
      "version": "5.0.0",
      "resolved": "https://registry.npmjs.org/@esri/calcite-colors/-/calcite-colors-5.0.0.tgz",
      "integrity": "sha512-8+coTzRjHQkk/T7UTvX4bTpseyiL41lKzAfVC11b4C3ORKrIOI+uhJFssBb0rGl7N40Epuzxto/2HY8xs4pLsA=="
    },
    "node_modules/@popperjs/core": {
      "version": "2.4.4",
      "resolved": "https://registry.npmjs.org/@popperjs/core/-/core-2.4.4.tgz",
      "integrity": "sha512-1oO6+dN5kdIA3sKPZhRGJTfGVP4SWV6KqlMOwry4J3HfyD68sl/3KmG7DeYUzvN+RbhXDnv/D8vNNB8168tAMg=="
    },
    "node_modules/commander": {
      "version": "2.20.3",
      "resolved": "https://registry.npmjs.org/commander/-/commander-2.20.3.tgz",
      "integrity": "sha512-GpVkmM8vF2vQUkj2LvZmD35JxeJOLCwJ9cUkugyk2nuhbv3+mJvpLYYt+0+USMxE+oj+ey/lJEnhZw75x/OMcQ=="
    },
    "node_modules/cssfilter": {
      "version": "0.0.10",
      "resolved": "https://registry.npmjs.org/cssfilter/-/cssfilter-0.0.10.tgz",
      "integrity": "sha1-xtJnJjKi5cg+AT5oZKQs6N79IK4="
    },
    "node_modules/focus-trap": {
      "version": "6.2.3",
      "resolved": "https://registry.npmjs.org/focus-trap/-/focus-trap-6.2.3.tgz",
      "integrity": "sha512-87orNbj6UqKEDxmqDfYBDLBbqgxNIA5cXUBvHCt7dZ8/L0KTuzkjKoI0xXHU+5TyI9fImqfOJyvEkXYmZeClZA==",
      "dependencies": {
        "tabbable": "^5.1.4"
      }
    },
    "node_modules/js-tokens": {
      "version": "4.0.0",
      "resolved": "https://registry.npmjs.org/js-tokens/-/js-tokens-4.0.0.tgz",
      "integrity": "sha512-RdJUflcE3cUzKiMqQgsCu06FPu9UdIJO0beYbPhHN4k6apgJtifcoCtT9bcxOpYBtpD2kCM6Sbzg4CausW/PKQ==",
      "peer": true
    },
    "node_modules/lodash.isplainobject": {
      "version": "4.0.6",
      "resolved": "https://registry.npmjs.org/lodash.isplainobject/-/lodash.isplainobject-4.0.6.tgz",
      "integrity": "sha1-fFJqUtibRcRcxpC4gWO+BJf1UMs="
    },
    "node_modules/lodash.throttle": {
      "version": "4.1.1",
      "resolved": "https://registry.npmjs.org/lodash.throttle/-/lodash.throttle-4.1.1.tgz",
      "integrity": "sha1-wj6RtxAkKscMN/HhzaknTMOb8vQ="
    },
    "node_modules/loose-envify": {
      "version": "1.4.0",
      "resolved": "https://registry.npmjs.org/loose-envify/-/loose-envify-1.4.0.tgz",
      "integrity": "sha512-lyuxPGr/Wfhrlem2CL/UcnUc1zcqKAImBDzukY7Y5F/yQiNdko6+fRLevlw1HgMySw7f611UIY408EtxRSoK3Q==",
      "peer": true,
      "dependencies": {
        "js-tokens": "^3.0.0 || ^4.0.0"
      },
      "bin": {
        "loose-envify": "cli.js"
      }
    },
    "node_modules/moment": {
      "version": "2.29.2",
      "resolved": "https://registry.npmjs.org/moment/-/moment-2.29.2.tgz",
      "integrity": "sha512-UgzG4rvxYpN15jgCmVJwac49h9ly9NurikMWGPdVxm8GZD6XjkKPxDTjQQ43gtGgnV3X0cAyWDdP2Wexoquifg==",
      "engines": {
        "node": "*"
      }
    },
    "node_modules/object-assign": {
      "version": "4.1.1",
      "resolved": "https://registry.npmjs.org/object-assign/-/object-assign-4.1.1.tgz",
      "integrity": "sha1-IQmtx5ZYh8/AXLvUQsrIv7s2CGM=",
      "peer": true,
      "engines": {
        "node": ">=0.10.0"
      }
    },
    "node_modules/react": {
      "version": "17.0.2",
      "resolved": "https://registry.npmjs.org/react/-/react-17.0.2.tgz",
      "integrity": "sha512-gnhPt75i/dq/z3/6q/0asP78D0u592D5L1pd7M8P+dck6Fu/jJeL6iVVK23fptSUZj8Vjf++7wXA8UNclGQcbA==",
      "peer": true,
      "dependencies": {
        "loose-envify": "^1.1.0",
        "object-assign": "^4.1.1"
      },
      "engines": {
        "node": ">=0.10.0"
      }
    },
    "node_modules/react-dom": {
      "version": "17.0.2",
      "resolved": "https://registry.npmjs.org/react-dom/-/react-dom-17.0.2.tgz",
      "integrity": "sha512-s4h96KtLDUQlsENhMn1ar8t2bEa+q/YAtj8pPPdIjPDGBDIVNsrD9aXNWqspUe6AzKCIG0C1HZZLqLV7qpOBGA==",
      "peer": true,
      "dependencies": {
        "loose-envify": "^1.1.0",
        "object-assign": "^4.1.1",
        "scheduler": "^0.20.2"
      },
      "peerDependencies": {
        "react": "17.0.2"
      }
    },
    "node_modules/scheduler": {
      "version": "0.20.2",
      "resolved": "https://registry.npmjs.org/scheduler/-/scheduler-0.20.2.tgz",
      "integrity": "sha512-2eWfGgAqqWFGqtdMmcL5zCMK1U8KlXv8SQFGglL3CEtd0aDVDWgeF/YoCmvln55m5zSk3J/20hTaSBeSObsQDQ==",
      "peer": true,
      "dependencies": {
        "loose-envify": "^1.1.0",
        "object-assign": "^4.1.1"
      }
    },
    "node_modules/sortablejs": {
      "version": "1.10.2",
      "resolved": "https://registry.npmjs.org/sortablejs/-/sortablejs-1.10.2.tgz",
      "integrity": "sha512-YkPGufevysvfwn5rfdlGyrGjt7/CRHwvRPogD/lC+TnvcN29jDpCifKP+rBqf+LRldfXSTh+0CGLcSg0VIxq3A=="
    },
    "node_modules/tabbable": {
      "version": "5.1.5",
      "resolved": "https://registry.npmjs.org/tabbable/-/tabbable-5.1.5.tgz",
      "integrity": "sha512-oVAPrWgLLqrbvQE8XqcU7CVBq6SQbaIbHkhOca3u7/jzuQvyZycrUKPCGr04qpEIUslmUlULbSeN+m3QrKEykA=="
    },
    "node_modules/xss": {
      "version": "1.0.8",
      "resolved": "https://registry.npmjs.org/xss/-/xss-1.0.8.tgz",
      "integrity": "sha512-3MgPdaXV8rfQ/pNn16Eio6VXYPTkqwa0vc7GkiymmY/DqR1SE/7VPAAVZz1GJsJFrllMYO3RHfEaiUGjab6TNw==",
      "dependencies": {
        "commander": "^2.20.3",
        "cssfilter": "0.0.10"
      },
      "bin": {
        "xss": "bin/xss"
      },
      "engines": {
        "node": ">= 0.10.0"
      }
    }
  },
  "dependencies": {
    "@agrc/helpers": {
      "version": "1.3.1",
      "resolved": "https://registry.npmjs.org/@agrc/helpers/-/helpers-1.3.1.tgz",
      "integrity": "sha512-SPVTJMNb329ui6bG1X/AEmoX9drErZE2h1nFqDBxqK4xFo+ZMCxI7mTx/MhUcxVBLIL3hz6d+lLA3J8P/MmOHQ=="
    },
    "@arcgis/core": {
      "version": "4.18.1",
      "resolved": "https://registry.npmjs.org/@arcgis/core/-/core-4.18.1.tgz",
      "integrity": "sha512-Y44XzGSJrlk6r/djcpNSzK8XNt5zPHo56o5Ai3ghu3uARS9thuZIiuPs/xOufKrtWpV7GwxII5M5++dxhfDwDg==",
      "requires": {
        "@esri/arcgis-html-sanitizer": "~2.5.0",
        "@esri/calcite-colors": "~5.0.0",
        "@popperjs/core": "~2.4.4",
        "focus-trap": "~6.2.2",
        "moment": "~2.29.1",
        "sortablejs": "~1.10.2"
      }
    },
    "@esri/arcgis-html-sanitizer": {
      "version": "2.5.0",
      "resolved": "https://registry.npmjs.org/@esri/arcgis-html-sanitizer/-/arcgis-html-sanitizer-2.5.0.tgz",
      "integrity": "sha512-axq4dGwm3bjY/iR1DoPxrnJOt2SKXD0Cy1QYihK4yZx25CEDpfdSUBE71oz77BSYFz+KQZvh6A3xxOgLnVEoWA==",
      "requires": {
        "lodash.isplainobject": "^4.0.6",
        "xss": "^1.0.8"
      }
    },
    "@esri/calcite-colors": {
      "version": "5.0.0",
      "resolved": "https://registry.npmjs.org/@esri/calcite-colors/-/calcite-colors-5.0.0.tgz",
      "integrity": "sha512-8+coTzRjHQkk/T7UTvX4bTpseyiL41lKzAfVC11b4C3ORKrIOI+uhJFssBb0rGl7N40Epuzxto/2HY8xs4pLsA=="
    },
    "@popperjs/core": {
      "version": "2.4.4",
      "resolved": "https://registry.npmjs.org/@popperjs/core/-/core-2.4.4.tgz",
      "integrity": "sha512-1oO6+dN5kdIA3sKPZhRGJTfGVP4SWV6KqlMOwry4J3HfyD68sl/3KmG7DeYUzvN+RbhXDnv/D8vNNB8168tAMg=="
    },
    "commander": {
      "version": "2.20.3",
      "resolved": "https://registry.npmjs.org/commander/-/commander-2.20.3.tgz",
      "integrity": "sha512-GpVkmM8vF2vQUkj2LvZmD35JxeJOLCwJ9cUkugyk2nuhbv3+mJvpLYYt+0+USMxE+oj+ey/lJEnhZw75x/OMcQ=="
    },
    "cssfilter": {
      "version": "0.0.10",
      "resolved": "https://registry.npmjs.org/cssfilter/-/cssfilter-0.0.10.tgz",
      "integrity": "sha1-xtJnJjKi5cg+AT5oZKQs6N79IK4="
    },
    "focus-trap": {
      "version": "6.2.3",
      "resolved": "https://registry.npmjs.org/focus-trap/-/focus-trap-6.2.3.tgz",
      "integrity": "sha512-87orNbj6UqKEDxmqDfYBDLBbqgxNIA5cXUBvHCt7dZ8/L0KTuzkjKoI0xXHU+5TyI9fImqfOJyvEkXYmZeClZA==",
      "requires": {
        "tabbable": "^5.1.4"
      }
    },
    "js-tokens": {
      "version": "4.0.0",
      "resolved": "https://registry.npmjs.org/js-tokens/-/js-tokens-4.0.0.tgz",
      "integrity": "sha512-RdJUflcE3cUzKiMqQgsCu06FPu9UdIJO0beYbPhHN4k6apgJtifcoCtT9bcxOpYBtpD2kCM6Sbzg4CausW/PKQ==",
      "peer": true
    },
    "lodash.isplainobject": {
      "version": "4.0.6",
      "resolved": "https://registry.npmjs.org/lodash.isplainobject/-/lodash.isplainobject-4.0.6.tgz",
      "integrity": "sha1-fFJqUtibRcRcxpC4gWO+BJf1UMs="
    },
    "lodash.throttle": {
      "version": "4.1.1",
      "resolved": "https://registry.npmjs.org/lodash.throttle/-/lodash.throttle-4.1.1.tgz",
      "integrity": "sha1-wj6RtxAkKscMN/HhzaknTMOb8vQ="
    },
    "loose-envify": {
      "version": "1.4.0",
      "resolved": "https://registry.npmjs.org/loose-envify/-/loose-envify-1.4.0.tgz",
      "integrity": "sha512-lyuxPGr/Wfhrlem2CL/UcnUc1zcqKAImBDzukY7Y5F/yQiNdko6+fRLevlw1HgMySw7f611UIY408EtxRSoK3Q==",
      "peer": true,
      "requires": {
        "js-tokens": "^3.0.0 || ^4.0.0"
      }
    },
    "moment": {
      "version": "2.29.2",
      "resolved": "https://registry.npmjs.org/moment/-/moment-2.29.2.tgz",
      "integrity": "sha512-UgzG4rvxYpN15jgCmVJwac49h9ly9NurikMWGPdVxm8GZD6XjkKPxDTjQQ43gtGgnV3X0cAyWDdP2Wexoquifg=="
    },
    "object-assign": {
      "version": "4.1.1",
      "resolved": "https://registry.npmjs.org/object-assign/-/object-assign-4.1.1.tgz",
      "integrity": "sha1-IQmtx5ZYh8/AXLvUQsrIv7s2CGM=",
      "peer": true
    },
    "react": {
      "version": "17.0.2",
      "resolved": "https://registry.npmjs.org/react/-/react-17.0.2.tgz",
      "integrity": "sha512-gnhPt75i/dq/z3/6q/0asP78D0u592D5L1pd7M8P+dck6Fu/jJeL6iVVK23fptSUZj8Vjf++7wXA8UNclGQcbA==",
      "peer": true,
      "requires": {
        "loose-envify": "^1.1.0",
        "object-assign": "^4.1.1"
      }
    },
    "react-dom": {
      "version": "17.0.2",
      "resolved": "https://registry.npmjs.org/react-dom/-/react-dom-17.0.2.tgz",
      "integrity": "sha512-s4h96KtLDUQlsENhMn1ar8t2bEa+q/YAtj8pPPdIjPDGBDIVNsrD9aXNWqspUe6AzKCIG0C1HZZLqLV7qpOBGA==",
      "peer": true,
      "requires": {
        "loose-envify": "^1.1.0",
        "object-assign": "^4.1.1",
        "scheduler": "^0.20.2"
      }
    },
    "scheduler": {
      "version": "0.20.2",
      "resolved": "https://registry.npmjs.org/scheduler/-/scheduler-0.20.2.tgz",
      "integrity": "sha512-2eWfGgAqqWFGqtdMmcL5zCMK1U8KlXv8SQFGglL3CEtd0aDVDWgeF/YoCmvln55m5zSk3J/20hTaSBeSObsQDQ==",
      "peer": true,
      "requires": {
        "loose-envify": "^1.1.0",
        "object-assign": "^4.1.1"
      }
    },
    "sortablejs": {
      "version": "1.10.2",
      "resolved": "https://registry.npmjs.org/sortablejs/-/sortablejs-1.10.2.tgz",
      "integrity": "sha512-YkPGufevysvfwn5rfdlGyrGjt7/CRHwvRPogD/lC+TnvcN29jDpCifKP+rBqf+LRldfXSTh+0CGLcSg0VIxq3A=="
    },
    "tabbable": {
      "version": "5.1.5",
      "resolved": "https://registry.npmjs.org/tabbable/-/tabbable-5.1.5.tgz",
      "integrity": "sha512-oVAPrWgLLqrbvQE8XqcU7CVBq6SQbaIbHkhOca3u7/jzuQvyZycrUKPCGr04qpEIUslmUlULbSeN+m3QrKEykA=="
    },
    "xss": {
      "version": "1.0.8",
      "resolved": "https://registry.npmjs.org/xss/-/xss-1.0.8.tgz",
      "integrity": "sha512-3MgPdaXV8rfQ/pNn16Eio6VXYPTkqwa0vc7GkiymmY/DqR1SE/7VPAAVZz1GJsJFrllMYO3RHfEaiUGjab6TNw==",
      "requires": {
        "commander": "^2.20.3",
        "cssfilter": "0.0.10"
      }
    }
  }
}
